
Microsoft Visual Studio Solution File, Format Version 12.00
# Visual Studio Version 17
VisualStudioVersion = 17.3.32804.467
MinimumVisualStudioVersion = 10.0.40219.1
Project("{FAE04EC0-301F-11D3-BF4B-00C04F79EFBC}") = "ControllerLib_DotNetFramework", "ControllerLib_DotNetFramework\ControllerLib_DotNetFramework.csproj", "{FF240BC1-A068-4D3C-9217-AD493853C722}"
EndProject
Project("{FAE04EC0-301F-11D3-BF4B-00C04F79EFBC}") = "Test", "Test\Test.csproj", "{77C7A085-2320-4A98-A253-5692BB18D0EB}"
EndProject
Global
	GlobalSection(SolutionConfigurationPlatforms) = preSolution
		Debug|Any CPU = Debug|Any CPU
		Release|Any CPU = Release|Any CPU
	EndGlobalSection
	GlobalSection(ProjectConfigurationPlatforms) = postSolution
		{FF240BC1-A068-4D3C-9217-AD493853C722}.Debug|Any CPU.ActiveCfg = Debug|Any CPU
		{FF240BC1-A068-4D3C-9217-AD493853C722}.Debug|Any CPU.Build.0 = Debug|Any CPU
		{FF240BC1-A068-4D3C-9217-AD493853C722}.Release|Any CPU.ActiveCfg = Release|Any CPU
		{FF240BC1-A068-4D3C-9217-AD493853C722}.Release|Any CPU.Build.0 = Release|Any CPU
		{77C7A085-2320-4A98-A253-5692BB18D0EB}.Debug|Any CPU.ActiveCfg = Debug|Any CPU
		{77C7A085-2320-4A98-A253-5692BB18D0EB}.Debug|Any CPU.Build.0 = Debug|Any CPU
		{77C7A085-2320-4A98-A253-5692BB18D0EB}.Release|Any CPU.ActiveCfg = Release|Any CPU
		{77C7A085-2320-4A98-A253-5692BB18D0EB}.Release|Any CPU.Build.0 = Release|Any CPU
	EndGlobalSection
	GlobalSection(SolutionProperties) = preSolution
		HideSolutionNode = FALSE
	EndGlobalSection
	GlobalSection(ExtensibilityGlobals) = postSolution
		SolutionGuid = {4A7CD2E5-C74E-4E0C-A114-5885DDD3B9AF}
	EndGlobalSection
EndGlobal
